{"1.2.0",
[{<<"cowboy">>,{pkg,<<"cowboy">>,<<"2.10.0">>},0},
 {<<"cowlib">>,{pkg,<<"cowlib">>,<<"2.12.1">>},1},
 {<<"foil">>,{pkg,<<"foil">>,<<"0.1.4">>},1},
 {<<"jiffy">>,{pkg,<<"jiffy">>,<<"1.1.1">>},0},
 {<<"knot">>,{pkg,<<"knot">>,<<"0.1.0">>},2},
 {<<"lz4_nif">>,{pkg,<<"lz4_nif">>,<<"0.1.1">>},1},
 {<<"marina">>,
  {git,"https://github.com/lpgauth/marina.git",
       {ref,"e62b4e22b5524632f75c64aec3ca5f1f3d776699"}},
  0},
 {<<"metal">>,{pkg,<<"metal">>,<<"0.1.2">>},2},
 {<<"murmur_nif">>,{pkg,<<"murmur_nif">>,<<"0.1.0">>},1},
 {<<"ranch">>,{pkg,<<"ranch">>,<<"1.8.0">>},1},
 {<<"shackle">>,{pkg,<<"shackle">>,<<"0.7.1">>},1},
 {<<"telemetry">>,{pkg,<<"telemetry">>,<<"1.4.2">>},1}]}.
[
{pkg_hash,[
 {<<"cowboy">>, <<"FF9FFEFF91DAE4AE270DD975642997AFE2A1179D94B1887863E43F681A203E26">>},
 {<<"cowlib">>, <<"A9FA9A625F1D2025FE6B462CB865881329B5CAFF8F1854D1CBC9F9533F00E1E1">>},
 {<<"foil">>, <<"1B786A2CC3E81496F98F799DF23AA24065253A94032AB79E5D60AED5423850AE">>},
 {<<"jiffy">>, <<"ACA10F47AA91697BF24AB9582C74E00E8E95474C7EF9F76D4F1A338D0F5DE21B">>},
 {<<"knot">>, <<"62CACC2CD9E2D50373EAFAC7C26A4286EF22C4590CBBF42FC81B4B0F497CC87D">>},
 {<<"lz4_nif">>, <<"4C851F96C14A63388BCE34B5803A195D75485CA905E29D733B3023C6B872EC44">>},
 {<<"metal">>, <<"7501F14B075380F829498C4CE605643D6C7F0C55F60EBFCFBF694C33A558DF98">>},
 {<<"murmur_nif">>, <<"A371CC40D7DBA50FBEFF1E053869D5CFD27136A881A10F29DD45C4D46F1F9400">>},
 {<<"ranch">>, <<"8C7A100A139FD57F17327B6413E4167AC559FBC04CA7448E9BE9057311597A1D">>},
 {<<"shackle">>, <<"0516B5890BFAC7153D10FABD8D73AB735685E84B6C22D0A8306567142741E63A">>},
 {<<"telemetry">>, <<"A0CB522801DFFB1C49FE6E30561BADFFC7B6D0E180DB1300DF759FAA22062855">>}]},
{pkg_hash_ext,[
 {<<"cowboy">>, <<"3AFDCCB7183CC6F143CB14D3CF51FA00E53DB9EC80CDCD525482F5E99BC41D6B">>},
 {<<"cowlib">>, <<"163B73F6367A7341B33C794C4E88E7DBFE6498AC42DCD69EF44C5BC5507C8DB0">>},
 {<<"foil">>, <<"4B0C51432A13740E5D74289C19A584A02B1BA02558AA9002665900EC61260E1B">>},
 {<<"jiffy">>, <<"62E1F0581C3C19C33A725C781DFA88410D8BFF1BBAFC3885A2552286B4785C4C">>},
 {<<"knot">>, <<"5659015314767F69BD95D88B0AEDF6A65DCBEF3E9AFE49172D0429B18DB89584">>},
 {<<"lz4_nif">>, <<"F63198268F31DA8EB9C54510B6C690178ABCD69F14271997D49644CAD8748F4A">>},
 {<<"metal">>, <<"CAC84E5CF2875B56E68874F3F0B3D598AF3EC30397EC2151D5C81C408961E6E4">>},
 {<<"murmur_nif">>, <<"C652591291A935307FF26AB06D2E172542D9551C001FB18433049F318A669CCA">>},
 {<<"ranch">>, <<"49FBCFD3682FAB1F5D109351B61257676DA1A2FDBE295904176D5E521A2DDFE5">>},
 {<<"shackle">>, <<"A9E14E3E253369F133226163C22854A20A5BC22DDCE5C61C87A51E587E5E67C8">>},
 {<<"telemetry">>, <<"928F6495066506077862C0D1646609EED891A4326BEE3126BA54B60AF61FEBB1">>}]}
].
